
Microsoft Visual Studio Solution File, Format Version 12.00
# Visual Studio Version 17
VisualStudioVersion = 17.8.35027.43
MinimumVisualStudioVersion = 10.0.40219.1
Project("{FAE04EC0-301F-11D3-BF4B-00C04F79EFBC}") = "01_MainSubjects", "01_MainSubjects\01_MainSubjects.csproj", "{6227BEB2-F94E-484A-8C53-0439AEBC3620}"
EndProject
Project("{FAE04EC0-301F-11D3-BF4B-00C04F79EFBC}") = "02_Variables", "02_Variables\02_Variables.csproj", "{C2C5D6C6-F780-426D-99A5-FED906130FE6}"
EndProject
Project("{FAE04EC0-301F-11D3-BF4B-00C04F79EFBC}") = "03_MakingDecision", "03_MakingDecision\03_MakingDecision.csproj", "{0F9439DB-C7BA-4174-9283-D2AECE803CCE}"
EndProject
Project("{FAE04EC0-301F-11D3-BF4B-00C04F79EFBC}") = "04_Loops", "04_Loops\04_Loops.csproj", "{328A4D36-CB6A-40C9-A131-CF4D6245A294}"
EndProject
Project("{FAE04EC0-301F-11D3-BF4B-00C04F79EFBC}") = "05_LoopsWithStars", "05_LoopsWithStars\05_LoopsWithStars.csproj", "{961CF2AD-ECDD-47B2-ADC6-CC8B046A0264}"
EndProject
Project("{FAE04EC0-301F-11D3-BF4B-00C04F79EFBC}") = "06_Arrays", "06_Arrays\06_Arrays.csproj", "{2E6872B4-AA9F-4E77-9C0D-E0772B593EA4}"
EndProject
Project("{FAE04EC0-301F-11D3-BF4B-00C04F79EFBC}") = "07_ForeachLoop", "07_ForeachLoop\07_ForeachLoop.csproj", "{4BEE7231-9062-4D72-BFA5-B50737F7E956}"
EndProject
Project("{FAE04EC0-301F-11D3-BF4B-00C04F79EFBC}") = "08_Methods", "08_Methods\08_Methods.csproj", "{01A752A9-04BE-4622-8E27-0203397878BF}"
EndProject
Project("{FAE04EC0-301F-11D3-BF4B-00C04F79EFBC}") = "09_DatabaseProject", "09_DatabaseProject\09_DatabaseProject.csproj", "{C3F09AEF-66D7-412E-A92F-95C654C9F17B}"
EndProject
Project("{FAE04EC0-301F-11D3-BF4B-00C04F79EFBC}") = "10_DatabaseCrud", "10_DatabaseCrud\10_DatabaseCrud.csproj", "{5B8E155A-7D93-4895-97FE-40FD16144F63}"
EndProject
Global
	GlobalSection(SolutionConfigurationPlatforms) = preSolution
		Debug|Any CPU = Debug|Any CPU
		Release|Any CPU = Release|Any CPU
	EndGlobalSection
	GlobalSection(ProjectConfigurationPlatforms) = postSolution
		{6227BEB2-F94E-484A-8C53-0439AEBC3620}.Debug|Any CPU.ActiveCfg = Debug|Any CPU
		{6227BEB2-F94E-484A-8C53-0439AEBC3620}.Debug|Any CPU.Build.0 = Debug|Any CPU
		{6227BEB2-F94E-484A-8C53-0439AEBC3620}.Release|Any CPU.ActiveCfg = Release|Any CPU
		{6227BEB2-F94E-484A-8C53-0439AEBC3620}.Release|Any CPU.Build.0 = Release|Any CPU
		{C2C5D6C6-F780-426D-99A5-FED906130FE6}.Debug|Any CPU.ActiveCfg = Debug|Any CPU
		{C2C5D6C6-F780-426D-99A5-FED906130FE6}.Debug|Any CPU.Build.0 = Debug|Any CPU
		{C2C5D6C6-F780-426D-99A5-FED906130FE6}.Release|Any CPU.ActiveCfg = Release|Any CPU
		{C2C5D6C6-F780-426D-99A5-FED906130FE6}.Release|Any CPU.Build.0 = Release|Any CPU
		{0F9439DB-C7BA-4174-9283-D2AECE803CCE}.Debug|Any CPU.ActiveCfg = Debug|Any CPU
		{0F9439DB-C7BA-4174-9283-D2AECE803CCE}.Debug|Any CPU.Build.0 = Debug|Any CPU
		{0F9439DB-C7BA-4174-9283-D2AECE803CCE}.Release|Any CPU.ActiveCfg = Release|Any CPU
		{0F9439DB-C7BA-4174-9283-D2AECE803CCE}.Release|Any CPU.Build.0 = Release|Any CPU
		{328A4D36-CB6A-40C9-A131-CF4D6245A294}.Debug|Any CPU.ActiveCfg = Debug|Any CPU
		{328A4D36-CB6A-40C9-A131-CF4D6245A294}.Debug|Any CPU.Build.0 = Debug|Any CPU
		{328A4D36-CB6A-40C9-A131-CF4D6245A294}.Release|Any CPU.ActiveCfg = Release|Any CPU
		{328A4D36-CB6A-40C9-A131-CF4D6245A294}.Release|Any CPU.Build.0 = Release|Any CPU
		{961CF2AD-ECDD-47B2-ADC6-CC8B046A0264}.Debug|Any CPU.ActiveCfg = Debug|Any CPU
		{961CF2AD-ECDD-47B2-ADC6-CC8B046A0264}.Debug|Any CPU.Build.0 = Debug|Any CPU
		{961CF2AD-ECDD-47B2-ADC6-CC8B046A0264}.Release|Any CPU.ActiveCfg = Release|Any CPU
		{961CF2AD-ECDD-47B2-ADC6-CC8B046A0264}.Release|Any CPU.Build.0 = Release|Any CPU
		{2E6872B4-AA9F-4E77-9C0D-E0772B593EA4}.Debug|Any CPU.ActiveCfg = Debug|Any CPU
		{2E6872B4-AA9F-4E77-9C0D-E0772B593EA4}.Debug|Any CPU.Build.0 = Debug|Any CPU
		{2E6872B4-AA9F-4E77-9C0D-E0772B593EA4}.Release|Any CPU.ActiveCfg = Release|Any CPU
		{2E6872B4-AA9F-4E77-9C0D-E0772B593EA4}.Release|Any CPU.Build.0 = Release|Any CPU
		{4BEE7231-9062-4D72-BFA5-B50737F7E956}.Debug|Any CPU.ActiveCfg = Debug|Any CPU
		{4BEE7231-9062-4D72-BFA5-B50737F7E956}.Debug|Any CPU.Build.0 = Debug|Any CPU
		{4BEE7231-9062-4D72-BFA5-B50737F7E956}.Release|Any CPU.ActiveCfg = Release|Any CPU
		{4BEE7231-9062-4D72-BFA5-B50737F7E956}.Release|Any CPU.Build.0 = Release|Any CPU
		{01A752A9-04BE-4622-8E27-0203397878BF}.Debug|Any CPU.ActiveCfg = Debug|Any CPU
		{01A752A9-04BE-4622-8E27-0203397878BF}.Debug|Any CPU.Build.0 = Debug|Any CPU
		{01A752A9-04BE-4622-8E27-0203397878BF}.Release|Any CPU.ActiveCfg = Release|Any CPU
		{01A752A9-04BE-4622-8E27-0203397878BF}.Release|Any CPU.Build.0 = Release|Any CPU
		{C3F09AEF-66D7-412E-A92F-95C654C9F17B}.Debug|Any CPU.ActiveCfg = Debug|Any CPU
		{C3F09AEF-66D7-412E-A92F-95C654C9F17B}.Debug|Any CPU.Build.0 = Debug|Any CPU
		{C3F09AEF-66D7-412E-A92F-95C654C9F17B}.Release|Any CPU.ActiveCfg = Release|Any CPU
		{C3F09AEF-66D7-412E-A92F-95C654C9F17B}.Release|Any CPU.Build.0 = Release|Any CPU
		{5B8E155A-7D93-4895-97FE-40FD16144F63}.Debug|Any CPU.ActiveCfg = Debug|Any CPU
		{5B8E155A-7D93-4895-97FE-40FD16144F63}.Debug|Any CPU.Build.0 = Debug|Any CPU
		{5B8E155A-7D93-4895-97FE-40FD16144F63}.Release|Any CPU.ActiveCfg = Release|Any CPU
		{5B8E155A-7D93-4895-97FE-40FD16144F63}.Release|Any CPU.Build.0 = Release|Any CPU
	EndGlobalSection
	GlobalSection(SolutionProperties) = preSolution
		HideSolutionNode = FALSE
	EndGlobalSection
	GlobalSection(ExtensibilityGlobals) = postSolution
		SolutionGuid = {9E7DF1CF-2258-4BC0-B802-FBE1E18087EB}
	EndGlobalSection
EndGlobal
